
Microsoft Visual Studio Solution File, Format Version 12.00
# Visual Studio Version 17
VisualStudioVersion = 17.11.35303.130
MinimumVisualStudioVersion = 10.0.40219.1
Project("{FAE04EC0-301F-11D3-BF4B-00C04F79EFBC}") = "FileLauncher", "FileLauncher\FileLauncher.csproj", "{6E60A37C-BFF5-4A80-8016-7FEC321AF5C4}"
EndProject
Project("{FAE04EC0-301F-11D3-BF4B-00C04F79EFBC}") = "ConfigurationModifier", "ConfigurationModifier\ConfigurationModifier.csproj", "{65FB0787-93AE-4678-A60A-22932755D72B}"
EndProject
Global
	GlobalSection(SolutionConfigurationPlatforms) = preSolution
		Debug|Any CPU = Debug|Any CPU
		Release|Any CPU = Release|Any CPU
	EndGlobalSection
	GlobalSection(ProjectConfigurationPlatforms) = postSolution
		{6E60A37C-BFF5-4A80-8016-7FEC321AF5C4}.Debug|Any CPU.ActiveCfg = Debug|Any CPU
		{6E60A37C-BFF5-4A80-8016-7FEC321AF5C4}.Debug|Any CPU.Build.0 = Debug|Any CPU
		{6E60A37C-BFF5-4A80-8016-7FEC321AF5C4}.Release|Any CPU.ActiveCfg = Release|Any CPU
		{6E60A37C-BFF5-4A80-8016-7FEC321AF5C4}.Release|Any CPU.Build.0 = Release|Any CPU
		{65FB0787-93AE-4678-A60A-22932755D72B}.Debug|Any CPU.ActiveCfg = Debug|Any CPU
		{65FB0787-93AE-4678-A60A-22932755D72B}.Debug|Any CPU.Build.0 = Debug|Any CPU
		{65FB0787-93AE-4678-A60A-22932755D72B}.Release|Any CPU.ActiveCfg = Release|Any CPU
		{65FB0787-93AE-4678-A60A-22932755D72B}.Release|Any CPU.Build.0 = Release|Any CPU
	EndGlobalSection
	GlobalSection(SolutionProperties) = preSolution
		HideSolutionNode = FALSE
	EndGlobalSection
	GlobalSection(ExtensibilityGlobals) = postSolution
		SolutionGuid = {4290702F-BA87-469F-9846-3C180AFC983F}
	EndGlobalSection
EndGlobal
